
Microsoft Visual Studio Solution File, Format Version 12.00
# Visual Studio 15
VisualStudioVersion = 15.0.28307.421
MinimumVisualStudioVersion = 10.0.40219.1
Project("{F2A71F9B-5D33-465A-A702-920D77279786}") = "Orbiter", "Orbiter\Orbiter.fsproj", "{158EDEFD-0BC3-4D5B-9C44-440344CF66B6}"
EndProject
Project("{F2A71F9B-5D33-465A-A702-920D77279786}") = "ANewDawn", "ANewDawn\ANewDawn.fsproj", "{81F658B1-F9AD-40B5-833A-EA32D852A01A}"
EndProject
Project("{FAE04EC0-301F-11D3-BF4B-00C04F79EFBC}") = "KerboTools", "KerboTools\KerboTools.csproj", "{18D14C66-CD9E-419C-94F4-F8FA616DB06E}"
EndProject
Global
	GlobalSection(SolutionConfigurationPlatforms) = preSolution
		Debug|Any CPU = Debug|Any CPU
		Release|Any CPU = Release|Any CPU
	EndGlobalSection
	GlobalSection(ProjectConfigurationPlatforms) = postSolution
		{158EDEFD-0BC3-4D5B-9C44-440344CF66B6}.Debug|Any CPU.ActiveCfg = Debug|Any CPU
		{158EDEFD-0BC3-4D5B-9C44-440344CF66B6}.Debug|Any CPU.Build.0 = Debug|Any CPU
		{158EDEFD-0BC3-4D5B-9C44-440344CF66B6}.Release|Any CPU.ActiveCfg = Release|Any CPU
		{158EDEFD-0BC3-4D5B-9C44-440344CF66B6}.Release|Any CPU.Build.0 = Release|Any CPU
		{81F658B1-F9AD-40B5-833A-EA32D852A01A}.Debug|Any CPU.ActiveCfg = Debug|Any CPU
		{81F658B1-F9AD-40B5-833A-EA32D852A01A}.Debug|Any CPU.Build.0 = Debug|Any CPU
		{81F658B1-F9AD-40B5-833A-EA32D852A01A}.Release|Any CPU.ActiveCfg = Release|Any CPU
		{81F658B1-F9AD-40B5-833A-EA32D852A01A}.Release|Any CPU.Build.0 = Release|Any CPU
		{18D14C66-CD9E-419C-94F4-F8FA616DB06E}.Debug|Any CPU.ActiveCfg = Debug|Any CPU
		{18D14C66-CD9E-419C-94F4-F8FA616DB06E}.Debug|Any CPU.Build.0 = Debug|Any CPU
		{18D14C66-CD9E-419C-94F4-F8FA616DB06E}.Release|Any CPU.ActiveCfg = Release|Any CPU
		{18D14C66-CD9E-419C-94F4-F8FA616DB06E}.Release|Any CPU.Build.0 = Release|Any CPU
	EndGlobalSection
	GlobalSection(SolutionProperties) = preSolution
		HideSolutionNode = FALSE
	EndGlobalSection
	GlobalSection(ExtensibilityGlobals) = postSolution
		SolutionGuid = {19D06C37-5761-4F3F-A91D-0A3ABDAC8AEF}
	EndGlobalSection
EndGlobal
